
Microsoft Visual Studio Solution File, Format Version 12.00
# Visual Studio Version 16
VisualStudioVersion = 16.0.29613.14
MinimumVisualStudioVersion = 10.0.40219.1
Project("{FAE04EC0-301F-11D3-BF4B-00C04F79EFBC}") = "TestDustinEspinozaWeb", "TestDustinEspinozaWeb.csproj", "{0C82E77B-B33D-4138-BEA2-2A144C50D063}"
EndProject
Project("{FAE04EC0-301F-11D3-BF4B-00C04F79EFBC}") = "Entidades", "..\Entidades\Entidades.csproj", "{326D118E-A7AB-484E-AA64-A9DA3F5765B9}"
EndProject
Global
	GlobalSection(SolutionConfigurationPlatforms) = preSolution
		Debug|Any CPU = Debug|Any CPU
		Release|Any CPU = Release|Any CPU
	EndGlobalSection
	GlobalSection(ProjectConfigurationPlatforms) = postSolution
		{0C82E77B-B33D-4138-BEA2-2A144C50D063}.Debug|Any CPU.ActiveCfg = Debug|Any CPU
		{0C82E77B-B33D-4138-BEA2-2A144C50D063}.Debug|Any CPU.Build.0 = Debug|Any CPU
		{0C82E77B-B33D-4138-BEA2-2A144C50D063}.Release|Any CPU.ActiveCfg = Release|Any CPU
		{0C82E77B-B33D-4138-BEA2-2A144C50D063}.Release|Any CPU.Build.0 = Release|Any CPU
		{326D118E-A7AB-484E-AA64-A9DA3F5765B9}.Debug|Any CPU.ActiveCfg = Debug|Any CPU
		{326D118E-A7AB-484E-AA64-A9DA3F5765B9}.Debug|Any CPU.Build.0 = Debug|Any CPU
		{326D118E-A7AB-484E-AA64-A9DA3F5765B9}.Release|Any CPU.ActiveCfg = Release|Any CPU
		{326D118E-A7AB-484E-AA64-A9DA3F5765B9}.Release|Any CPU.Build.0 = Release|Any CPU
	EndGlobalSection
	GlobalSection(SolutionProperties) = preSolution
		HideSolutionNode = FALSE
	EndGlobalSection
	GlobalSection(ExtensibilityGlobals) = postSolution
		SolutionGuid = {FB2B8E6B-F9F6-4FC7-84E6-50F858088F4A}
	EndGlobalSection
EndGlobal
